// !$*UTF8*$!
{
	archiveVersion = 1;
	classes = {
	};
	objectVersion = 48;
	objects = {

/* Begin PBXBuildFile section */
		1351618D202B7C1F00BC434A /* AppDelegate.swift in Sources */ = {isa = PBXBuildFile; fileRef = 1351618C202B7C1F00BC434A /* AppDelegate.swift */; };
		1351618F202B7C1F00BC434A /* ViewController.swift in Sources */ = {isa = PBXBuildFile; fileRef = 1351618E202B7C1F00BC434A /* ViewController.swift */; };
		13516192202B7C1F00BC434A /* Main.storyboard in Resources */ = {isa = PBXBuildFile; fileRef = 13516190202B7C1F00BC434A /* Main.storyboard */; };
		13516194202B7C1F00BC434A /* Assets.xcassets in Resources */ = {isa = PBXBuildFile; fileRef = 13516193202B7C1F00BC434A /* Assets.xcassets */; };
		13516197202B7C1F00BC434A /* LaunchScreen.storyboard in Resources */ = {isa = PBXBuildFile; fileRef = 13516195202B7C1F00BC434A /* LaunchScreen.storyboard */; };
		1351619F202B815F00BC434A /* CustomTableViewCell.swift in Sources */ = {isa = PBXBuildFile; fileRef = 1351619E202B815F00BC434A /* CustomTableViewCell.swift */; };
/* End PBXBuildFile section */

/* Begin PBXFileReference section */
		13516189202B7C1F00BC434A /* CustomTableLira.app */ = {isa = PBXFileReference; explicitFileType = wrapper.application; includeInIndex = 0; path = CustomTableLira.app; sourceTree = BUILT_PRODUCTS_DIR; };
		1351618C202B7C1F00BC434A /* AppDelegate.swift */ = {isa = PBXFileReference; lastKnownFileType = sourcecode.swift; path = AppDelegate.swift; sourceTree = "<group>"; };
		1351618E202B7C1F00BC434A /* ViewController.swift */ = {isa = PBXFileReference; lastKnownFileType = sourcecode.swift; path = ViewController.swift; sourceTree = "<group>"; };
		13516191202B7C1F00BC434A /* Base */ = {isa = PBXFileReference; lastKnownFileType = file.storyboard; name = Base; path = Base.lproj/Main.storyboard; sourceTree = "<group>"; };
		13516193202B7C1F00BC434A /* Assets.xcassets */ = {isa = PBXFileReference; lastKnownFileType = folder.assetcatalog; path = Assets.xcassets; sourceTree = "<group>"; };
		13516196202B7C1F00BC434A /* Base */ = {isa = PBXFileReference; lastKnownFileType = file.storyboard; name = Base; path = Base.lproj/LaunchScreen.storyboard; sourceTree = "<group>"; };
		13516198202B7C1F00BC434A /* Info.plist */ = {isa = PBXFileReference; lastKnownFileType = text.plist.xml; path = Info.plist; sourceTree = "<group>"; };
		1351619E202B815F00BC434A /* CustomTableViewCell.swift */ = {isa = PBXFileReference; lastKnownFileType = sourcecode.swift; path = CustomTableViewCell.swift; sourceTree = "<group>"; };
/* End PBXFileReference section */

/* Begin PBXFrameworksBuildPhase section */
		13516186202B7C1E00BC434A /* Frameworks */ = {
			isa = PBXFrameworksBuildPhase;
			buildActionMask = 2147483647;
			files = (
			);
			runOnlyForDeploymentPostprocessing = 0;
		};
/* End PBXFrameworksBuildPhase section */

/* Begin PBXGroup section */
		13516180202B7C1E00BC434A = {
			isa = PBXGroup;
			children = (
				1351618B202B7C1F00BC434A /* CustomTableLira */,
				1351618A202B7C1F00BC434A /* Products */,
			);
			sourceTree = "<group>";
		};
		1351618A202B7C1F00BC434A /* Products */ = {
			isa = PBXGroup;
			children = (
				13516189202B7C1F00BC434A /* CustomTableLira.app */,
			);
			name = Products;
			sourceTree = "<group>";
		};
		1351618B202B7C1F00BC434A /* CustomTableLira */ = {
			isa = PBXGroup;
			children = (
				1351618C202B7C1F00BC434A /* AppDelegate.swift */,
				1351618E202B7C1F00BC434A /* ViewController.swift */,
				13516190202B7C1F00BC434A /* Main.storyboard */,
				1351619E202B815F00BC434A /* CustomTableViewCell.swift */,
				13516193202B7C1F00BC434A /* Assets.xcassets */,
				13516195202B7C1F00BC434A /* LaunchScreen.storyboard */,
				13516198202B7C1F00BC434A /* Info.plist */,
			);
			path = CustomTableLira;
			sourceTree = "<group>";
		};
/* End PBXGroup section */

/* Begin PBXNativeTarget section */
		13516188202B7C1E00BC434A /* CustomTableLira */ = {
			isa = PBXNativeTarget;
			buildConfigurationList = 1351619B202B7C1F00BC434A /* Build configuration list for PBXNativeTarget "CustomTableLira" */;
			buildPhases = (
				13516185202B7C1E00BC434A /* Sources */,
				13516186202B7C1E00BC434A /* Frameworks */,
				13516187202B7C1E00BC434A /* Resources */,
			);
			buildRules = (
			);
			dependencies = (
			);
			name = CustomTableLira;
			productName = CustomTableLira;
			productReference = 13516189202B7C1F00BC434A /* CustomTableLira.app */;
			productType = "com.apple.product-type.application";
		};
/* End PBXNativeTarget section */

/* Begin PBXProject section */
		13516181202B7C1E00BC434A /* Project object */ = {
			isa = PBXProject;
			attributes = {
				LastSwiftUpdateCheck = 0900;
				LastUpgradeCheck = 0900;
				ORGANIZATIONNAME = LABMAC11;
				TargetAttributes = {
					13516188202B7C1E00BC434A = {
						CreatedOnToolsVersion = 9.0;
						ProvisioningStyle = Automatic;
					};
				};
			};
			buildConfigurationList = 13516184202B7C1E00BC434A /* Build configuration list for PBXProject "CustomTableLira" */;
			compatibilityVersion = "Xcode 8.0";
			developmentRegion = en;
			hasScannedForEncodings = 0;
			knownRegions = (
				en,
				Base,
			);
			mainGroup = 13516180202B7C1E00BC434A;
			productRefGroup = 1351618A202B7C1F00BC434A /* Products */;
			projectDirPath = "";
			projectRoot = "";
			targets = (
				13516188202B7C1E00BC434A /* CustomTableLira */,
			);
		};
/* End PBXProject section */

/* Begin PBXResourcesBuildPhase section */
		13516187202B7C1E00BC434A /* Resources */ = {
			isa = PBXResourcesBuildPhase;
			buildActionMask = 2147483647;
			files = (
				13516197202B7C1F00BC434A /* LaunchScreen.storyboard in Resources */,
				13516194202B7C1F00BC434A /* Assets.xcassets in Resources */,
				13516192202B7C1F00BC434A /* Main.storyboard in Resources */,
			);
			runOnlyForDeploymentPostprocessing = 0;
		};
/* End PBXResourcesBuildPhase section */

/* Begin PBXSourcesBuildPhase section */
		13516185202B7C1E00BC434A /* Sources */ = {
			isa = PBXSourcesBuildPhase;
			buildActionMask = 2147483647;
			files = (
				1351619F202B815F00BC434A /* CustomTableViewCell.swift in Sources */,
				1351618F202B7C1F00BC434A /* ViewController.swift in Sources */,
				1351618D202B7C1F00BC434A /* AppDelegate.swift in Sources */,
			);
			runOnlyForDeploymentPostprocessing = 0;
		};
/* End PBXSourcesBuildPhase section */

/* Begin PBXVariantGroup section */
		13516190202B7C1F00BC434A /* Main.storyboard */ = {
			isa = PBXVariantGroup;
			children = (
				13516191202B7C1F00BC434A /* Base */,
			);
			name = Main.storyboard;
			sourceTree = "<group>";
		};
		13516195202B7C1F00BC434A /* LaunchScreen.storyboard */ = {
			isa = PBXVariantGroup;
			children = (
				13516196202B7C1F00BC434A /* Base */,
			);
			name = LaunchScreen.storyboard;
			sourceTree = "<group>";
		};
/* End PBXVariantGroup section */

/* Begin XCBuildConfiguration section */
		13516199202B7C1F00BC434A /* Debug */ = {
			isa = XCBuildConfiguration;
			buildSettings = {
				ALWAYS_SEARCH_USER_PATHS = NO;
				CLANG_ANALYZER_NONNULL = YES;
				CLANG_ANALYZER_NUMBER_OBJECT_CONVERSION = YES_AGGRESSIVE;
				CLANG_CXX_LANGUAGE_STANDARD = "gnu++14";
				CLANG_CXX_LIBRARY = "libc++";
				CLANG_ENABLE_MODULES = YES;
				CLANG_ENABLE_OBJC_ARC = YES;
				CLANG_WARN_BLOCK_CAPTURE_AUTORELEASING = YES;
				CLANG_WARN_BOOL_CONVERSION = YES;
				CLANG_WARN_COMMA = YES;
				CLANG_WARN_CONSTANT_CONVERSION = YES;
				CLANG_WARN_DIRECT_OBJC_ISA_USAGE = YES_ERROR;
				CLANG_WARN_DOCUMENTATION_COMMENTS = YES;
				CLANG_WARN_EMPTY_BODY = YES;
				CLANG_WARN_ENUM_CONVERSION = YES;
				CLANG_WARN_INFINITE_RECURSION = YES;
				CLANG_WARN_INT_CONVERSION = YES;
				CLANG_WARN_NON_LITERAL_NULL_CONVERSION = YES;
				CLANG_WARN_OBJC_LITERAL_CONVERSION = YES;
				CLANG_WARN_OBJC_ROOT_CLASS = YES_ERROR;
				CLANG_WARN_RANGE_LOOP_ANALYSIS = YES;
				CLANG_WARN_STRICT_PROTOTYPES = YES;
				CLANG_WARN_SUSPICIOUS_MOVE = YES;
				CLANG_WARN_UNGUARDED_AVAILABILITY = YES_AGGRESSIVE;
				CLANG_WARN_UNREACHABLE_CODE = YES;
				CLANG_WARN__DUPLICATE_METHOD_MATCH = YES;
				CODE_SIGN_IDENTITY = "iPhone Developer";
				COPY_PHASE_STRIP = NO;
				DEBUG_INFORMATION_FORMAT = dwarf;
				ENABLE_STRICT_OBJC_MSGSEND = YES;
				ENABLE_TESTABILITY = YES;
				GCC_C_LANGUAGE_STANDARD = gnu11;
				GCC_DYNAMIC_NO_PIC = NO;
				GCC_NO_COMMON_BLOCKS = YES;
				GCC_OPTIMIZATION_LEVEL = 0;
				GCC_PREPROCESSOR_DEFINITIONS = (
					"DEBUG=1",
					"$(inherited)",
				);
				GCC_WARN_64_TO_32_BIT_CONVERSION = YES;
				GCC_WARN_ABOUT_RETURN_TYPE = YES_ERROR;
				GCC_WARN_UNDECLARED_SELECTOR = YES;
				GCC_WARN_UNINITIALIZED_AUTOS = YES_AGGRESSIVE;
				GCC_WARN_UNUSED_FUNCTION = YES;
				GCC_WARN_UNUSED_VARIABLE = YES;
				IPHONEOS_DEPLOYMENT_TARGET = 11.0;
				MTL_ENABLE_DEBUG_INFO = YES;
				ONLY_ACTIVE_ARCH = YES;
				SDKROOT = iphoneos;
				SWIFT_ACTIVE_COMPILATION_CONDITIONS = DEBUG;
				SWIFT_OPTIMIZATION_LEVEL = "-Onone";
			};
			name = Debug;
		};
		1351619A202B7C1F00BC434A /* Release */ = {
			isa = XCBuildConfiguration;
			buildSettings = {
				ALWAYS_SEARCH_USER_PATHS = NO;
				CLANG_ANALYZER_NONNULL = YES;
				CLANG_ANALYZER_NUMBER_OBJECT_CONVERSION = YES_AGGRESSIVE;
				CLANG_CXX_LANGUAGE_STANDARD = "gnu++14";
				CLANG_CXX_LIBRARY = "libc++";
				CLANG_ENABLE_MODULES = YES;
				CLANG_ENABLE_OBJC_ARC = YES;
				CLANG_WARN_BLOCK_CAPTURE_AUTORELEASING = YES;
				CLANG_WARN_BOOL_CONVERSION = YES;
				CLANG_WARN_COMMA = YES;
				CLANG_WARN_CONSTANT_CONVERSION = YES;
				CLANG_WARN_DIRECT_OBJC_ISA_USAGE = YES_ERROR;
				CLANG_WARN_DOCUMENTATION_COMMENTS = YES;
				CLANG_WARN_EMPTY_BODY = YES;
				CLANG_WARN_ENUM_CONVERSION = YES;
				CLANG_WARN_INFINITE_RECURSION = YES;
				CLANG_WARN_INT_CONVERSION = YES;
				CLANG_WARN_NON_LITERAL_NULL_CONVERSION = YES;
				CLANG_WARN_OBJC_LITERAL_CONVERSION = YES;
				CLANG_WARN_OBJC_ROOT_CLASS = YES_ERROR;
				CLANG_WARN_RANGE_LOOP_ANALYSIS = YES;
				CLANG_WARN_STRICT_PROTOTYPES = YES;
				CLANG_WARN_SUSPICIOUS_MOVE = YES;
				CLANG_WARN_UNGUARDED_AVAILABILITY = YES_AGGRESSIVE;
				CLANG_WARN_UNREACHABLE_CODE = YES;
				CLANG_WARN__DUPLICATE_METHOD_MATCH = YES;
				CODE_SIGN_IDENTITY = "iPhone Developer";
				COPY_PHASE_STRIP = NO;
				DEBUG_INFORMATION_FORMAT = "dwarf-with-dsym";
				ENABLE_NS_ASSERTIONS = NO;
				ENABLE_STRICT_OBJC_MSGSEND = YES;
				GCC_C_LANGUAGE_STANDARD = gnu11;
				GCC_NO_COMMON_BLOCKS = YES;
				GCC_WARN_64_TO_32_BIT_CONVERSION = YES;
				GCC_WARN_ABOUT_RETURN_TYPE = YES_ERROR;
				GCC_WARN_UNDECLARED_SELECTOR = YES;
				GCC_WARN_UNINITIALIZED_AUTOS = YES_AGGRESSIVE;
				GCC_WARN_UNUSED_FUNCTION = YES;
				GCC_WARN_UNUSED_VARIABLE = YES;
				IPHONEOS_DEPLOYMENT_TARGET = 11.0;
				MTL_ENABLE_DEBUG_INFO = NO;
				SDKROOT = iphoneos;
				SWIFT_OPTIMIZATION_LEVEL = "-Owholemodule";
				VALIDATE_PRODUCT = YES;
			};
			name = Release;
		};
		1351619C202B7C1F00BC434A /* Debug */ = {
			isa = XCBuildConfiguration;
			buildSettings = {
				ASSETCATALOG_COMPILER_APPICON_NAME = AppIcon;
				CODE_SIGN_STYLE = Automatic;
				DEVELOPMENT_TEAM = 6X6M8A7ZT3;
				INFOPLIST_FILE = CustomTableLira/Info.plist;
				IPHONEOS_DEPLOYMENT_TARGET = 10.3;
				LD_RUNPATH_SEARCH_PATHS = "$(inherited) @executable_path/Frameworks";
				PRODUCT_BUNDLE_IDENTIFIER = mx.edu.utng.CustomTableLira;
				PRODUCT_NAME = "$(TARGET_NAME)";
				SWIFT_VERSION = 4.0;
				TARGETED_DEVICE_FAMILY = "1,2";
			};
			name = Debug;
		};
		1351619D202B7C1F00BC434A /* Release */ = {
			isa = XCBuildConfiguration;
			buildSettings = {
				ASSETCATALOG_COMPILER_APPICON_NAME = AppIcon;
				CODE_SIGN_STYLE = Automatic;
				DEVELOPMENT_TEAM = 6X6M8A7ZT3;
				INFOPLIST_FILE = CustomTableLira/Info.plist;
				IPHONEOS_DEPLOYMENT_TARGET = 10.3;
				LD_RUNPATH_SEARCH_PATHS = "$(inherited) @executable_path/Frameworks";
				PRODUCT_BUNDLE_IDENTIFIER = mx.edu.utng.CustomTableLira;
				PRODUCT_NAME = "$(TARGET_NAME)";
				SWIFT_VERSION = 4.0;
				TARGETED_DEVICE_FAMILY = "1,2";
			};
			name = Release;
		};
/* End XCBuildConfiguration section */

/* Begin XCConfigurationList section */
		13516184202B7C1E00BC434A /* Build configuration list for PBXProject "CustomTableLira" */ = {
			isa = XCConfigurationList;
			buildConfigurations = (
				13516199202B7C1F00BC434A /* Debug */,
				1351619A202B7C1F00BC434A /* Release */,
			);
			defaultConfigurationIsVisible = 0;
			defaultConfigurationName = Release;
		};
		1351619B202B7C1F00BC434A /* Build configuration list for PBXNativeTarget "CustomTableLira" */ = {
			isa = XCConfigurationList;
			buildConfigurations = (
				1351619C202B7C1F00BC434A /* Debug */,
				1351619D202B7C1F00BC434A /* Release */,
			);
			defaultConfigurationIsVisible = 0;
			defaultConfigurationName = Release;
		};
/* End XCConfigurationList section */
	};
	rootObject = 13516181202B7C1E00BC434A /* Project object */;
}
